
Microsoft Visual Studio Solution File, Format Version 12.00
# Visual Studio 14
VisualStudioVersion = 14.0.24720.0
MinimumVisualStudioVersion = 10.0.40219.1
Project("{FAE04EC0-301F-11D3-BF4B-00C04F79EFBC}") = "Learning.IdentityServer.UI.Console.Client", "Learning.IdentityServer.UI.Console.Client\Learning.IdentityServer.UI.Console.Client.csproj", "{DD90D289-23B7-45CE-BBBA-2FB8ED266869}"
EndProject
Project("{FAE04EC0-301F-11D3-BF4B-00C04F79EFBC}") = "Learning.IdentityServer.UI.Console", "Learning.IdentityServer.UI.Console\Learning.IdentityServer.UI.Console.csproj", "{91605801-9E80-4B6A-AC6F-C82BEC122107}"
EndProject
Project("{FAE04EC0-301F-11D3-BF4B-00C04F79EFBC}") = "API", "API\API.csproj", "{9DF03CBF-0923-44DF-B65C-467A02607BB0}"
EndProject
Global
	GlobalSection(SolutionConfigurationPlatforms) = preSolution
		Debug|Any CPU = Debug|Any CPU
		Release|Any CPU = Release|Any CPU
	EndGlobalSection
	GlobalSection(ProjectConfigurationPlatforms) = postSolution
		{DD90D289-23B7-45CE-BBBA-2FB8ED266869}.Debug|Any CPU.ActiveCfg = Debug|Any CPU
		{DD90D289-23B7-45CE-BBBA-2FB8ED266869}.Debug|Any CPU.Build.0 = Debug|Any CPU
		{DD90D289-23B7-45CE-BBBA-2FB8ED266869}.Release|Any CPU.ActiveCfg = Release|Any CPU
		{DD90D289-23B7-45CE-BBBA-2FB8ED266869}.Release|Any CPU.Build.0 = Release|Any CPU
		{91605801-9E80-4B6A-AC6F-C82BEC122107}.Debug|Any CPU.ActiveCfg = Debug|Any CPU
		{91605801-9E80-4B6A-AC6F-C82BEC122107}.Debug|Any CPU.Build.0 = Debug|Any CPU
		{91605801-9E80-4B6A-AC6F-C82BEC122107}.Release|Any CPU.ActiveCfg = Release|Any CPU
		{91605801-9E80-4B6A-AC6F-C82BEC122107}.Release|Any CPU.Build.0 = Release|Any CPU
		{9DF03CBF-0923-44DF-B65C-467A02607BB0}.Debug|Any CPU.ActiveCfg = Debug|Any CPU
		{9DF03CBF-0923-44DF-B65C-467A02607BB0}.Debug|Any CPU.Build.0 = Debug|Any CPU
		{9DF03CBF-0923-44DF-B65C-467A02607BB0}.Release|Any CPU.ActiveCfg = Release|Any CPU
		{9DF03CBF-0923-44DF-B65C-467A02607BB0}.Release|Any CPU.Build.0 = Release|Any CPU
	EndGlobalSection
	GlobalSection(SolutionProperties) = preSolution
		HideSolutionNode = FALSE
	EndGlobalSection
EndGlobal
